
Microsoft Visual Studio Solution File, Format Version 12.00
# Visual Studio Version 16
VisualStudioVersion = 16.0.35425.106
MinimumVisualStudioVersion = 10.0.40219.1
Project("{FAE04EC0-301F-11D3-BF4B-00C04F79EFBC}") = "Aeon.HR.API", "Aeon.HR.API\Aeon.HR.API.csproj", "{249B7235-E409-40BF-81E8-D4A489B9CE45}"
EndProject
Project("{FAE04EC0-301F-11D3-BF4B-00C04F79EFBC}") = "Aeon.HR.BusinessObjects", "Aeon.HR.BusinessObjects\Aeon.HR.BusinessObjects.csproj", "{C931837F-81A2-4A15-BE0B-FD02FB19EC0A}"
EndProject
Project("{FAE04EC0-301F-11D3-BF4B-00C04F79EFBC}") = "Aeon.HR.Data", "Aeon.HR.DataCommon\Aeon.HR.Data.csproj", "{F9CB3B6C-EC91-431F-A675-3A0AB6D17630}"
EndProject
Project("{FAE04EC0-301F-11D3-BF4B-00C04F79EFBC}") = "Aeon.HR.Infrastructure", "Aeon.HR.Infrastructure\Aeon.HR.Infrastructure.csproj", "{1D52C6C0-82F2-49A0-A49F-9ED7E9B0D0B6}"
EndProject
Project("{FAE04EC0-301F-11D3-BF4B-00C04F79EFBC}") = "Aeon.HR.ViewModels", "Aeon.HR.ViewModels\Aeon.HR.ViewModels.csproj", "{4107A398-5774-43D6-B193-67D98F0875BD}"
EndProject
Project("{FAE04EC0-301F-11D3-BF4B-00C04F79EFBC}") = "Aeon.HR.ImportUtility", "Aeon.HR.ImportUtility\Aeon.HR.ImportUtility.csproj", "{D95E5D4F-DDB5-4D41-A041-A12512387E12}"
EndProject
Project("{FAE04EC0-301F-11D3-BF4B-00C04F79EFBC}") = "Aeon.Integrations.Gotadi", "Aeon.Integrations.Gotadi\Aeon.Integrations.Gotadi.csproj", "{784FB916-147F-41AA-84A3-67944AC05605}"
EndProject
Global
	GlobalSection(SolutionConfigurationPlatforms) = preSolution
		Debug|Any CPU = Debug|Any CPU
		Release|Any CPU = Release|Any CPU
	EndGlobalSection
	GlobalSection(ProjectConfigurationPlatforms) = postSolution
		{249B7235-E409-40BF-81E8-D4A489B9CE45}.Debug|Any CPU.ActiveCfg = Debug|Any CPU
		{249B7235-E409-40BF-81E8-D4A489B9CE45}.Debug|Any CPU.Build.0 = Debug|Any CPU
		{249B7235-E409-40BF-81E8-D4A489B9CE45}.Release|Any CPU.ActiveCfg = Release|Any CPU
		{249B7235-E409-40BF-81E8-D4A489B9CE45}.Release|Any CPU.Build.0 = Release|Any CPU
		{C931837F-81A2-4A15-BE0B-FD02FB19EC0A}.Debug|Any CPU.ActiveCfg = Debug|Any CPU
		{C931837F-81A2-4A15-BE0B-FD02FB19EC0A}.Debug|Any CPU.Build.0 = Debug|Any CPU
		{C931837F-81A2-4A15-BE0B-FD02FB19EC0A}.Release|Any CPU.ActiveCfg = Release|Any CPU
		{C931837F-81A2-4A15-BE0B-FD02FB19EC0A}.Release|Any CPU.Build.0 = Release|Any CPU
		{F9CB3B6C-EC91-431F-A675-3A0AB6D17630}.Debug|Any CPU.ActiveCfg = Debug|Any CPU
		{F9CB3B6C-EC91-431F-A675-3A0AB6D17630}.Debug|Any CPU.Build.0 = Debug|Any CPU
		{F9CB3B6C-EC91-431F-A675-3A0AB6D17630}.Release|Any CPU.ActiveCfg = Release|Any CPU
		{F9CB3B6C-EC91-431F-A675-3A0AB6D17630}.Release|Any CPU.Build.0 = Release|Any CPU
		{1D52C6C0-82F2-49A0-A49F-9ED7E9B0D0B6}.Debug|Any CPU.ActiveCfg = Debug|Any CPU
		{1D52C6C0-82F2-49A0-A49F-9ED7E9B0D0B6}.Debug|Any CPU.Build.0 = Debug|Any CPU
		{1D52C6C0-82F2-49A0-A49F-9ED7E9B0D0B6}.Release|Any CPU.ActiveCfg = Release|Any CPU
		{1D52C6C0-82F2-49A0-A49F-9ED7E9B0D0B6}.Release|Any CPU.Build.0 = Release|Any CPU
		{4107A398-5774-43D6-B193-67D98F0875BD}.Debug|Any CPU.ActiveCfg = Debug|Any CPU
		{4107A398-5774-43D6-B193-67D98F0875BD}.Debug|Any CPU.Build.0 = Debug|Any CPU
		{4107A398-5774-43D6-B193-67D98F0875BD}.Release|Any CPU.ActiveCfg = Release|Any CPU
		{4107A398-5774-43D6-B193-67D98F0875BD}.Release|Any CPU.Build.0 = Release|Any CPU
		{D95E5D4F-DDB5-4D41-A041-A12512387E12}.Debug|Any CPU.ActiveCfg = Debug|Any CPU
		{D95E5D4F-DDB5-4D41-A041-A12512387E12}.Debug|Any CPU.Build.0 = Debug|Any CPU
		{D95E5D4F-DDB5-4D41-A041-A12512387E12}.Release|Any CPU.ActiveCfg = Release|Any CPU
		{D95E5D4F-DDB5-4D41-A041-A12512387E12}.Release|Any CPU.Build.0 = Release|Any CPU
		{784FB916-147F-41AA-84A3-67944AC05605}.Debug|Any CPU.ActiveCfg = Debug|Any CPU
		{784FB916-147F-41AA-84A3-67944AC05605}.Debug|Any CPU.Build.0 = Debug|Any CPU
		{784FB916-147F-41AA-84A3-67944AC05605}.Release|Any CPU.ActiveCfg = Release|Any CPU
		{784FB916-147F-41AA-84A3-67944AC05605}.Release|Any CPU.Build.0 = Release|Any CPU
	EndGlobalSection
	GlobalSection(SolutionProperties) = preSolution
		HideSolutionNode = FALSE
	EndGlobalSection
	GlobalSection(NestedProjects) = preSolution
	EndGlobalSection
	GlobalSection(ExtensibilityGlobals) = postSolution
		SolutionGuid = {1BBA4389-3D65-48ED-B648-065DB3DFBA15}
	EndGlobalSection
EndGlobal
