
Microsoft Visual Studio Solution File, Format Version 12.00
# Visual Studio Version 16
VisualStudioVersion = 16.0.31624.102
MinimumVisualStudioVersion = 10.0.40219.1
Project("{2150E333-8FDC-42A3-9474-1A3956D46DE8}") = "Academy", "Academy", "{88266F9B-82FB-4C25-9230-7C7DCF1E533D}"
EndProject
Project("{FAE04EC0-301F-11D3-BF4B-00C04F79EFBC}") = "Aeon.Academy.API", "Academy\Aeon.Academy.API\Aeon.Academy.API.csproj", "{1757DF47-E8F2-4397-8990-7F1330A10194}"
EndProject
Project("{FAE04EC0-301F-11D3-BF4B-00C04F79EFBC}") = "Aeon.Academy.Common", "Academy\Aeon.Academy.Common\Aeon.Academy.Common.csproj", "{BF7D2917-78E6-4ED9-91E3-FAD091FC0A2C}"
EndProject
Project("{FAE04EC0-301F-11D3-BF4B-00C04F79EFBC}") = "Aeon.Academy.Data", "Academy\Aeon.Academy.Data\Aeon.Academy.Data.csproj", "{997B4929-32E9-4754-AD6D-1E754293192B}"
EndProject
Project("{FAE04EC0-301F-11D3-BF4B-00C04F79EFBC}") = "Aeon.Academy.Services", "Academy\Aeon.Academy.Services\Aeon.Academy.Services.csproj", "{51CC84FC-F410-470F-928F-2A1DFEFB2A6D}"
EndProject
Project("{FAE04EC0-301F-11D3-BF4B-00C04F79EFBC}") = "Aeon.Bootstrapper", "Aeon.Bootstrapper\Aeon.Bootstrapper.csproj", "{137348C3-2EAD-4C3D-93A3-67772046B6E3}"
EndProject
Project("{00D1A9C2-B5F0-4AF3-8072-F6C62B433612}") = "Aeon.Academy.Database", "Aeon.Academy.Database\Aeon.Academy.Database.sqlproj", "{DC302566-773E-43C4-B3DE-704A35F07F56}"
EndProject
Project("{FAE04EC0-301F-11D3-BF4B-00C04F79EFBC}") = "Aeon.Integration.FakeApi", "Aeon.Intergation.FakeApi\Aeon.Integration.FakeApi.csproj", "{C67A1253-83A1-443D-B8C9-5E92D815F28C}"
EndProject
Project("{2150E333-8FDC-42A3-9474-1A3956D46DE8}") = "Integrations", "Integrations", "{51865A4A-DE26-4425-A8F0-B9099A4561DA}"
EndProject
Project("{FAE04EC0-301F-11D3-BF4B-00C04F79EFBC}") = "Aeon.Academy.TaskScheduler", "Integrations\Aeon.Academy.TaskScheduler\Aeon.Academy.TaskScheduler.csproj", "{1DE76D06-A2E0-4752-96AD-938A05059C81}"
EndProject
Project("{FAE04EC0-301F-11D3-BF4B-00C04F79EFBC}") = "Aeon.Academy.IntegrationServices", "Integrations\Aeon.Academy.IntegrationServices\Aeon.Academy.IntegrationServices.csproj", "{FB7CA623-D9C0-45FC-B413-D29AEEADC91F}"
EndProject
Project("{FAE04EC0-301F-11D3-BF4B-00C04F79EFBC}") = "Aeon.Academy.Edoc1Scheduler", "Integrations\Aeon.Academy.Edoc1Scheduler\Aeon.Academy.Edoc1Scheduler.csproj", "{FF7C9D81-73ED-4D5D-9731-4B49E3AA03C7}"
EndProject
Project("{2150E333-8FDC-42A3-9474-1A3956D46DE8}") = "Edoc2", "Edoc2", "{AF72BEEF-CEFD-4F7E-99B2-80C8B62007DF}"
EndProject
Project("{FAE04EC0-301F-11D3-BF4B-00C04F79EFBC}") = "Aeon.HR.ViewModels", "..\Aeon.HR.ViewModels\Aeon.HR.ViewModels.csproj", "{4107A398-5774-43D6-B193-67D98F0875BD}"
EndProject
Project("{FAE04EC0-301F-11D3-BF4B-00C04F79EFBC}") = "Aeon.HR.Infrastructure", "..\Aeon.HR.Infrastructure\Aeon.HR.Infrastructure.csproj", "{1D52C6C0-82F2-49A0-A49F-9ED7E9B0D0B6}"
EndProject
Project("{FAE04EC0-301F-11D3-BF4B-00C04F79EFBC}") = "Aeon.HR.Data", "..\Aeon.HR.DataCommon\Aeon.HR.Data.csproj", "{F9CB3B6C-EC91-431F-A675-3A0AB6D17630}"
EndProject
Global
	GlobalSection(SolutionConfigurationPlatforms) = preSolution
		Debug|Any CPU = Debug|Any CPU
		Release|Any CPU = Release|Any CPU
	EndGlobalSection
	GlobalSection(ProjectConfigurationPlatforms) = postSolution
		{1757DF47-E8F2-4397-8990-7F1330A10194}.Debug|Any CPU.ActiveCfg = Debug|Any CPU
		{1757DF47-E8F2-4397-8990-7F1330A10194}.Debug|Any CPU.Build.0 = Debug|Any CPU
		{1757DF47-E8F2-4397-8990-7F1330A10194}.Release|Any CPU.ActiveCfg = Release|Any CPU
		{1757DF47-E8F2-4397-8990-7F1330A10194}.Release|Any CPU.Build.0 = Release|Any CPU
		{BF7D2917-78E6-4ED9-91E3-FAD091FC0A2C}.Debug|Any CPU.ActiveCfg = Debug|Any CPU
		{BF7D2917-78E6-4ED9-91E3-FAD091FC0A2C}.Debug|Any CPU.Build.0 = Debug|Any CPU
		{BF7D2917-78E6-4ED9-91E3-FAD091FC0A2C}.Release|Any CPU.ActiveCfg = Release|Any CPU
		{BF7D2917-78E6-4ED9-91E3-FAD091FC0A2C}.Release|Any CPU.Build.0 = Release|Any CPU
		{997B4929-32E9-4754-AD6D-1E754293192B}.Debug|Any CPU.ActiveCfg = Debug|Any CPU
		{997B4929-32E9-4754-AD6D-1E754293192B}.Debug|Any CPU.Build.0 = Debug|Any CPU
		{997B4929-32E9-4754-AD6D-1E754293192B}.Release|Any CPU.ActiveCfg = Release|Any CPU
		{997B4929-32E9-4754-AD6D-1E754293192B}.Release|Any CPU.Build.0 = Release|Any CPU
		{51CC84FC-F410-470F-928F-2A1DFEFB2A6D}.Debug|Any CPU.ActiveCfg = Debug|Any CPU
		{51CC84FC-F410-470F-928F-2A1DFEFB2A6D}.Debug|Any CPU.Build.0 = Debug|Any CPU
		{51CC84FC-F410-470F-928F-2A1DFEFB2A6D}.Release|Any CPU.ActiveCfg = Release|Any CPU
		{51CC84FC-F410-470F-928F-2A1DFEFB2A6D}.Release|Any CPU.Build.0 = Release|Any CPU
		{137348C3-2EAD-4C3D-93A3-67772046B6E3}.Debug|Any CPU.ActiveCfg = Debug|Any CPU
		{137348C3-2EAD-4C3D-93A3-67772046B6E3}.Debug|Any CPU.Build.0 = Debug|Any CPU
		{137348C3-2EAD-4C3D-93A3-67772046B6E3}.Release|Any CPU.ActiveCfg = Release|Any CPU
		{137348C3-2EAD-4C3D-93A3-67772046B6E3}.Release|Any CPU.Build.0 = Release|Any CPU
		{DC302566-773E-43C4-B3DE-704A35F07F56}.Debug|Any CPU.ActiveCfg = Debug|Any CPU
		{DC302566-773E-43C4-B3DE-704A35F07F56}.Debug|Any CPU.Build.0 = Debug|Any CPU
		{DC302566-773E-43C4-B3DE-704A35F07F56}.Debug|Any CPU.Deploy.0 = Debug|Any CPU
		{DC302566-773E-43C4-B3DE-704A35F07F56}.Release|Any CPU.ActiveCfg = Release|Any CPU
		{DC302566-773E-43C4-B3DE-704A35F07F56}.Release|Any CPU.Build.0 = Release|Any CPU
		{DC302566-773E-43C4-B3DE-704A35F07F56}.Release|Any CPU.Deploy.0 = Release|Any CPU
		{C67A1253-83A1-443D-B8C9-5E92D815F28C}.Debug|Any CPU.ActiveCfg = Debug|Any CPU
		{C67A1253-83A1-443D-B8C9-5E92D815F28C}.Debug|Any CPU.Build.0 = Debug|Any CPU
		{C67A1253-83A1-443D-B8C9-5E92D815F28C}.Release|Any CPU.ActiveCfg = Release|Any CPU
		{C67A1253-83A1-443D-B8C9-5E92D815F28C}.Release|Any CPU.Build.0 = Release|Any CPU
		{1DE76D06-A2E0-4752-96AD-938A05059C81}.Debug|Any CPU.ActiveCfg = Debug|Any CPU
		{1DE76D06-A2E0-4752-96AD-938A05059C81}.Debug|Any CPU.Build.0 = Debug|Any CPU
		{1DE76D06-A2E0-4752-96AD-938A05059C81}.Release|Any CPU.ActiveCfg = Release|Any CPU
		{1DE76D06-A2E0-4752-96AD-938A05059C81}.Release|Any CPU.Build.0 = Release|Any CPU
		{FB7CA623-D9C0-45FC-B413-D29AEEADC91F}.Debug|Any CPU.ActiveCfg = Debug|Any CPU
		{FB7CA623-D9C0-45FC-B413-D29AEEADC91F}.Debug|Any CPU.Build.0 = Debug|Any CPU
		{FB7CA623-D9C0-45FC-B413-D29AEEADC91F}.Release|Any CPU.ActiveCfg = Release|Any CPU
		{FB7CA623-D9C0-45FC-B413-D29AEEADC91F}.Release|Any CPU.Build.0 = Release|Any CPU
		{FF7C9D81-73ED-4D5D-9731-4B49E3AA03C7}.Debug|Any CPU.ActiveCfg = Debug|Any CPU
		{FF7C9D81-73ED-4D5D-9731-4B49E3AA03C7}.Debug|Any CPU.Build.0 = Debug|Any CPU
		{FF7C9D81-73ED-4D5D-9731-4B49E3AA03C7}.Release|Any CPU.ActiveCfg = Release|Any CPU
		{FF7C9D81-73ED-4D5D-9731-4B49E3AA03C7}.Release|Any CPU.Build.0 = Release|Any CPU
		{4107A398-5774-43D6-B193-67D98F0875BD}.Debug|Any CPU.ActiveCfg = Debug|Any CPU
		{4107A398-5774-43D6-B193-67D98F0875BD}.Debug|Any CPU.Build.0 = Debug|Any CPU
		{4107A398-5774-43D6-B193-67D98F0875BD}.Release|Any CPU.ActiveCfg = Release|Any CPU
		{4107A398-5774-43D6-B193-67D98F0875BD}.Release|Any CPU.Build.0 = Release|Any CPU
		{1D52C6C0-82F2-49A0-A49F-9ED7E9B0D0B6}.Debug|Any CPU.ActiveCfg = Debug|Any CPU
		{1D52C6C0-82F2-49A0-A49F-9ED7E9B0D0B6}.Debug|Any CPU.Build.0 = Debug|Any CPU
		{1D52C6C0-82F2-49A0-A49F-9ED7E9B0D0B6}.Release|Any CPU.ActiveCfg = Release|Any CPU
		{1D52C6C0-82F2-49A0-A49F-9ED7E9B0D0B6}.Release|Any CPU.Build.0 = Release|Any CPU
		{F9CB3B6C-EC91-431F-A675-3A0AB6D17630}.Debug|Any CPU.ActiveCfg = Debug|Any CPU
		{F9CB3B6C-EC91-431F-A675-3A0AB6D17630}.Debug|Any CPU.Build.0 = Debug|Any CPU
		{F9CB3B6C-EC91-431F-A675-3A0AB6D17630}.Release|Any CPU.ActiveCfg = Release|Any CPU
		{F9CB3B6C-EC91-431F-A675-3A0AB6D17630}.Release|Any CPU.Build.0 = Release|Any CPU
	EndGlobalSection
	GlobalSection(SolutionProperties) = preSolution
		HideSolutionNode = FALSE
	EndGlobalSection
	GlobalSection(NestedProjects) = preSolution
		{1757DF47-E8F2-4397-8990-7F1330A10194} = {88266F9B-82FB-4C25-9230-7C7DCF1E533D}
		{BF7D2917-78E6-4ED9-91E3-FAD091FC0A2C} = {88266F9B-82FB-4C25-9230-7C7DCF1E533D}
		{997B4929-32E9-4754-AD6D-1E754293192B} = {88266F9B-82FB-4C25-9230-7C7DCF1E533D}
		{51CC84FC-F410-470F-928F-2A1DFEFB2A6D} = {88266F9B-82FB-4C25-9230-7C7DCF1E533D}
		{DC302566-773E-43C4-B3DE-704A35F07F56} = {88266F9B-82FB-4C25-9230-7C7DCF1E533D}
		{C67A1253-83A1-443D-B8C9-5E92D815F28C} = {51865A4A-DE26-4425-A8F0-B9099A4561DA}
		{1DE76D06-A2E0-4752-96AD-938A05059C81} = {51865A4A-DE26-4425-A8F0-B9099A4561DA}
		{FB7CA623-D9C0-45FC-B413-D29AEEADC91F} = {51865A4A-DE26-4425-A8F0-B9099A4561DA}
		{FF7C9D81-73ED-4D5D-9731-4B49E3AA03C7} = {51865A4A-DE26-4425-A8F0-B9099A4561DA}
		{4107A398-5774-43D6-B193-67D98F0875BD} = {AF72BEEF-CEFD-4F7E-99B2-80C8B62007DF}
		{1D52C6C0-82F2-49A0-A49F-9ED7E9B0D0B6} = {AF72BEEF-CEFD-4F7E-99B2-80C8B62007DF}
		{F9CB3B6C-EC91-431F-A675-3A0AB6D17630} = {AF72BEEF-CEFD-4F7E-99B2-80C8B62007DF}
	EndGlobalSection
	GlobalSection(ExtensibilityGlobals) = postSolution
		SolutionGuid = {C18B75D5-07D3-4845-834B-03961079538C}
	EndGlobalSection
EndGlobal
